<?xml version="1.0" encoding="utf-8"?>
<Project ToolsVersion="4.0" xmlns="http://schemas.microsoft.com/developer/msbuild/2003">
  <ItemGroup>
    <Filter Include="소스 파일">
      <UniqueIdentifier>{4FC737F1-C7A5-4376-A066-2A32D752A2FF}</UniqueIdentifier>
      <Extensions>cpp;c;cc;cxx;def;odl;idl;hpj;bat;asm;asmx</Extensions>
    </Filter>
    <Filter Include="헤더 파일">
      <UniqueIdentifier>{93995380-89BD-4b04-88EB-625FBE52EBFB}</UniqueIdentifier>
      <Extensions>h;hh;hpp;hxx;hm;inl;inc;ipp;xsd</Extensions>
    </Filter>
    <Filter Include="리소스 파일">
      <UniqueIdentifier>{67DA6AB6-F800-4c08-8B7A-83BB121AAD01}</UniqueIdentifier>
      <Extensions>rc;ico;cur;bmp;dlg;rc2;rct;bin;rgs;gif;jpg;jpeg;jpe;resx;tiff;tif;png;wav;mfcribbon-ms</Extensions>
    </Filter>
    <Filter Include="소스 파일\Baekjun">
      <UniqueIdentifier>{2973896d-4f23-4a99-8282-bf3715afad5f}</UniqueIdentifier>
    </Filter>
    <Filter Include="소스 파일\Programmers">
      <UniqueIdentifier>{9e66886b-1c78-4d5a-ae81-af00ee757ce8}</UniqueIdentifier>
    </Filter>
    <Filter Include="소스 파일\2021-03-23-N">
      <UniqueIdentifier>{0fcbb89a-ef4c-4f23-b2d5-ffce1971d2d7}</UniqueIdentifier>
    </Filter>
    <Filter Include="소스 파일\2021-03-20-L">
      <UniqueIdentifier>{ef137d5f-334d-42d3-9fd3-94f9a4454784}</UniqueIdentifier>
    </Filter>
    <Filter Include="소스 파일\2021-03-09-D">
      <UniqueIdentifier>{c97ba5dd-d2e1-4e75-bed8-a63e054e66da}</UniqueIdentifier>
    </Filter>
    <Filter Include="소스 파일\2021-02-06-L">
      <UniqueIdentifier>{df3c905d-1b5d-46ef-a00a-6a1f8979992b}</UniqueIdentifier>
    </Filter>
  </ItemGroup>
  <ItemGroup>
    <ClCompile Include="Algorithm.cpp">
      <Filter>소스 파일</Filter>
    </ClCompile>
    <ClCompile Include="GPS.cpp">
      <Filter>소스 파일\Programmers</Filter>
    </ClCompile>
    <ClCompile Include="12100.cpp">
      <Filter>소스 파일\Baekjun</Filter>
    </ClCompile>
    <ClCompile Include="13460.cpp">
      <Filter>소스 파일\Baekjun</Filter>
    </ClCompile>
    <ClCompile Include="3190.cpp">
      <Filter>소스 파일\Baekjun</Filter>
    </ClCompile>
    <ClCompile Include="13458.cpp">
      <Filter>소스 파일\Baekjun</Filter>
    </ClCompile>
    <ClCompile Include="MenuRenewal.cpp">
      <Filter>소스 파일\Programmers</Filter>
    </ClCompile>
    <ClCompile Include="14499.cpp">
      <Filter>소스 파일\Baekjun</Filter>
    </ClCompile>
    <ClCompile Include="lockandkey.cpp">
      <Filter>소스 파일\Programmers</Filter>
    </ClCompile>
    <ClCompile Include="14500.cpp">
      <Filter>소스 파일\Baekjun</Filter>
    </ClCompile>
    <ClCompile Include="14501.cpp">
      <Filter>소스 파일\Baekjun</Filter>
    </ClCompile>
    <ClCompile Include="14502.cpp">
      <Filter>소스 파일\Baekjun</Filter>
    </ClCompile>
    <ClCompile Include="14503.cpp">
      <Filter>소스 파일\Baekjun</Filter>
    </ClCompile>
    <ClCompile Include="14888.cpp">
      <Filter>소스 파일\Baekjun</Filter>
    </ClCompile>
    <ClCompile Include="14889.cpp">
      <Filter>소스 파일\Baekjun</Filter>
    </ClCompile>
    <ClCompile Include="14890.cpp">
      <Filter>소스 파일\Baekjun</Filter>
    </ClCompile>
    <ClCompile Include="14891.cpp">
      <Filter>소스 파일\Baekjun</Filter>
    </ClCompile>
    <ClCompile Include="15683.cpp">
      <Filter>소스 파일\Baekjun</Filter>
    </ClCompile>
    <ClCompile Include="15684.cpp">
      <Filter>소스 파일\Baekjun</Filter>
    </ClCompile>
    <ClCompile Include="15685.cpp">
      <Filter>소스 파일\Baekjun</Filter>
    </ClCompile>
    <ClCompile Include="15686.cpp">
      <Filter>소스 파일\Baekjun</Filter>
    </ClCompile>
    <ClCompile Include="5373.cpp">
      <Filter>소스 파일\Baekjun</Filter>
    </ClCompile>
    <ClCompile Include="16234.cpp">
      <Filter>소스 파일\Baekjun</Filter>
    </ClCompile>
    <ClCompile Include="16235.cpp">
      <Filter>소스 파일\Baekjun</Filter>
    </ClCompile>
    <ClCompile Include="16236.cpp">
      <Filter>소스 파일\Baekjun</Filter>
    </ClCompile>
    <ClCompile Include="17143.cpp">
      <Filter>소스 파일\Baekjun</Filter>
    </ClCompile>
    <ClCompile Include="17144.cpp">
      <Filter>소스 파일\Baekjun</Filter>
    </ClCompile>
    <ClCompile Include="17140.cpp">
      <Filter>소스 파일\Baekjun</Filter>
    </ClCompile>
    <ClCompile Include="17142.cpp">
      <Filter>소스 파일\Baekjun</Filter>
    </ClCompile>
    <ClCompile Include="17779.cpp">
      <Filter>소스 파일\Baekjun</Filter>
    </ClCompile>
    <ClCompile Include="17837.cpp">
      <Filter>소스 파일\Baekjun</Filter>
    </ClCompile>
    <ClCompile Include="17825.cpp">
      <Filter>소스 파일\Baekjun</Filter>
    </ClCompile>
    <ClCompile Include="SharedTaxiFare.cpp">
      <Filter>소스 파일\Programmers</Filter>
    </ClCompile>
    <ClCompile Include="NumOfRooms.cpp">
      <Filter>소스 파일\Programmers</Filter>
    </ClCompile>
    <ClCompile Include="202003202.cpp">
      <Filter>소스 파일\2021-03-20-L</Filter>
    </ClCompile>
    <ClCompile Include="202003201.cpp">
      <Filter>소스 파일\2021-03-20-L</Filter>
    </ClCompile>
    <ClCompile Include="202103091.cpp">
      <Filter>소스 파일\2021-03-09-D</Filter>
    </ClCompile>
    <ClCompile Include="202103092.cpp">
      <Filter>소스 파일\2021-03-09-D</Filter>
    </ClCompile>
    <ClCompile Include="202103093.cpp">
      <Filter>소스 파일\2021-03-09-D</Filter>
    </ClCompile>
    <ClCompile Include="202102061.cpp">
      <Filter>소스 파일\2021-02-06-L</Filter>
    </ClCompile>
    <ClCompile Include="202102062.cpp">
      <Filter>소스 파일\2021-02-06-L</Filter>
    </ClCompile>
    <ClCompile Include="202102063.cpp">
      <Filter>소스 파일\2021-02-06-L</Filter>
    </ClCompile>
    <ClCompile Include="202103231.cpp">
      <Filter>소스 파일\2021-03-23-N</Filter>
    </ClCompile>
    <ClCompile Include="202103232.cpp">
      <Filter>소스 파일\2021-03-23-N</Filter>
    </ClCompile>
  </ItemGroup>
</Project>